// !$*UTF8*$!
{
	archiveVersion = 1;
	classes = {
	};
	objectVersion = 55;
	objects = {

/* Begin PBXBuildFile section */
		830184D127F1058D00FDC824 /* ListedCountry.swift in Sources */ = {isa = PBXBuildFile; fileRef = 830184D027F1058D00FDC824 /* ListedCountry.swift */; };
		830184D327F105FD00FDC824 /* CountryInformationsPresenter.swift in Sources */ = {isa = PBXBuildFile; fileRef = 830184D227F105FD00FDC824 /* CountryInformationsPresenter.swift */; };
		830184D527F1060C00FDC824 /* CountryInformationsPresenterType.swift in Sources */ = {isa = PBXBuildFile; fileRef = 830184D427F1060C00FDC824 /* CountryInformationsPresenterType.swift */; };
		830184D727F1111C00FDC824 /* CountryInformations.swift in Sources */ = {isa = PBXBuildFile; fileRef = 830184D627F1111C00FDC824 /* CountryInformations.swift */; };
		830184E727F1311200FDC824 /* MapHeader.swift in Sources */ = {isa = PBXBuildFile; fileRef = 830184E627F1311200FDC824 /* MapHeader.swift */; };
		830184E927F132D200FDC824 /* CountryLocation.swift in Sources */ = {isa = PBXBuildFile; fileRef = 830184E827F132D200FDC824 /* CountryLocation.swift */; };
		83247F4B27F3D8420038ECA2 /* CountryInformationsDataSourceType.swift in Sources */ = {isa = PBXBuildFile; fileRef = 83247F4A27F3D8420038ECA2 /* CountryInformationsDataSourceType.swift */; };
		83247F4D27F3D8FF0038ECA2 /* CountryInformationsDataSourceTypeMock.swift in Sources */ = {isa = PBXBuildFile; fileRef = 83247F4C27F3D8FF0038ECA2 /* CountryInformationsDataSourceTypeMock.swift */; };
		83247F4F27F3DA1B0038ECA2 /* CountryInformationViewTests.swift in Sources */ = {isa = PBXBuildFile; fileRef = 83247F4E27F3DA1B0038ECA2 /* CountryInformationViewTests.swift */; };
		8343A70927F0D08600BCB1C4 /* CountryInformationsViewController.swift in Sources */ = {isa = PBXBuildFile; fileRef = 8343A70827F0D08600BCB1C4 /* CountryInformationsViewController.swift */; };
		8343A70B27F0D0AF00BCB1C4 /* CountryInformationView.swift in Sources */ = {isa = PBXBuildFile; fileRef = 8343A70A27F0D0AF00BCB1C4 /* CountryInformationView.swift */; };
		8343A70D27F0D0DD00BCB1C4 /* CountryInformationCell.swift in Sources */ = {isa = PBXBuildFile; fileRef = 8343A70C27F0D0DD00BCB1C4 /* CountryInformationCell.swift */; };
		8343A70F27F0D12F00BCB1C4 /* CountriesListViewControllerDelegate.swift in Sources */ = {isa = PBXBuildFile; fileRef = 8343A70E27F0D12F00BCB1C4 /* CountriesListViewControllerDelegate.swift */; };
		8343A71127F0D5F400BCB1C4 /* CountryInformationsViewControllerType.swift in Sources */ = {isa = PBXBuildFile; fileRef = 8343A71027F0D5F400BCB1C4 /* CountryInformationsViewControllerType.swift */; };
		8343A71527F0D7A800BCB1C4 /* CountryRepository.swift in Sources */ = {isa = PBXBuildFile; fileRef = 8343A71427F0D7A800BCB1C4 /* CountryRepository.swift */; };
		8343A71727F0D7D500BCB1C4 /* CountryServiceType.swift in Sources */ = {isa = PBXBuildFile; fileRef = 8343A71627F0D7D500BCB1C4 /* CountryServiceType.swift */; };
		8343A71A27F0D81600BCB1C4 /* CountriesResponse.swift in Sources */ = {isa = PBXBuildFile; fileRef = 8343A71927F0D81600BCB1C4 /* CountriesResponse.swift */; };
		8343A71E27F0DE6D00BCB1C4 /* State.swift in Sources */ = {isa = PBXBuildFile; fileRef = 8343A71D27F0DE6D00BCB1C4 /* State.swift */; };
		8343A72027F0DF1000BCB1C4 /* CountriesListViewControllerType.swift in Sources */ = {isa = PBXBuildFile; fileRef = 8343A71F27F0DF1000BCB1C4 /* CountriesListViewControllerType.swift */; };
		8343A72427F0F6D600BCB1C4 /* CountryInformationsResponse.swift in Sources */ = {isa = PBXBuildFile; fileRef = 8343A72327F0F6D600BCB1C4 /* CountryInformationsResponse.swift */; };
		8378028927F356A6005890AA /* CountryInformationsViewControllerTests.swift in Sources */ = {isa = PBXBuildFile; fileRef = 8378028827F356A6005890AA /* CountryInformationsViewControllerTests.swift */; };
		8393782727EE873D00A423F6 /* AppDelegate.swift in Sources */ = {isa = PBXBuildFile; fileRef = 8393782627EE873D00A423F6 /* AppDelegate.swift */; };
		8393782927EE873D00A423F6 /* SceneDelegate.swift in Sources */ = {isa = PBXBuildFile; fileRef = 8393782827EE873D00A423F6 /* SceneDelegate.swift */; };
		8393783027EE874200A423F6 /* Assets.xcassets in Resources */ = {isa = PBXBuildFile; fileRef = 8393782F27EE874200A423F6 /* Assets.xcassets */; };
		8393783327EE874200A423F6 /* LaunchScreen.storyboard in Resources */ = {isa = PBXBuildFile; fileRef = 8393783127EE874200A423F6 /* LaunchScreen.storyboard */; };
		8393783D27EE87FE00A423F6 /* MainCoordinator.swift in Sources */ = {isa = PBXBuildFile; fileRef = 8393783C27EE87FE00A423F6 /* MainCoordinator.swift */; };
		8393783F27EE880B00A423F6 /* CoordinatorType.swift in Sources */ = {isa = PBXBuildFile; fileRef = 8393783E27EE880B00A423F6 /* CoordinatorType.swift */; };
		8393784227EE891A00A423F6 /* CountriesListViewController.swift in Sources */ = {isa = PBXBuildFile; fileRef = 8393784127EE891A00A423F6 /* CountriesListViewController.swift */; };
		8393784427EE8B1D00A423F6 /* CountriesListView.swift in Sources */ = {isa = PBXBuildFile; fileRef = 8393784327EE8B1D00A423F6 /* CountriesListView.swift */; };
		8393784727EE8ED100A423F6 /* CountryCell.swift in Sources */ = {isa = PBXBuildFile; fileRef = 8393784627EE8ED100A423F6 /* CountryCell.swift */; };
		8393784927EE92A000A423F6 /* CountriesListPresenterType.swift in Sources */ = {isa = PBXBuildFile; fileRef = 8393784827EE92A000A423F6 /* CountriesListPresenterType.swift */; };
		8393784B27EE930B00A423F6 /* CountriesListPresenter.swift in Sources */ = {isa = PBXBuildFile; fileRef = 8393784A27EE930B00A423F6 /* CountriesListPresenter.swift */; };
		83AAF8F327F270DE00B6D579 /* CountriesListPresenterTests.swift in Sources */ = {isa = PBXBuildFile; fileRef = 83AAF8F227F270DE00B6D579 /* CountriesListPresenterTests.swift */; };
		83AAF8F627F2719400B6D579 /* CountryRepositoryMock.swift in Sources */ = {isa = PBXBuildFile; fileRef = 83AAF8F527F2719300B6D579 /* CountryRepositoryMock.swift */; };
		83AAF8F827F2746000B6D579 /* CountriesListViewControllerSpy.swift in Sources */ = {isa = PBXBuildFile; fileRef = 83AAF8F727F2746000B6D579 /* CountriesListViewControllerSpy.swift */; };
		83AAF8FA27F2773900B6D579 /* CountryInformationsPresenterTests.swift in Sources */ = {isa = PBXBuildFile; fileRef = 83AAF8F927F2773900B6D579 /* CountryInformationsPresenterTests.swift */; };
		83AAF8FC27F277AA00B6D579 /* CountryInformationsViewControllerSpy.swift in Sources */ = {isa = PBXBuildFile; fileRef = 83AAF8FB27F277AA00B6D579 /* CountryInformationsViewControllerSpy.swift */; };
		83AAF8FE27F27FBC00B6D579 /* CountryCellTests.swift in Sources */ = {isa = PBXBuildFile; fileRef = 83AAF8FD27F27FBC00B6D579 /* CountryCellTests.swift */; };
		83AAF90427F2812D00B6D579 /* SnapshotTesting in Frameworks */ = {isa = PBXBuildFile; productRef = 83AAF90327F2812D00B6D579 /* SnapshotTesting */; };
		83AAF90627F282C000B6D579 /* CountryInformationCellTests.swift in Sources */ = {isa = PBXBuildFile; fileRef = 83AAF90527F282C000B6D579 /* CountryInformationCellTests.swift */; };
		83AAF90827F283AD00B6D579 /* MapHeaderTests.swift in Sources */ = {isa = PBXBuildFile; fileRef = 83AAF90727F283AD00B6D579 /* MapHeaderTests.swift */; };
		83AAF90A27F2846400B6D579 /* MainCoordinatorTests.swift in Sources */ = {isa = PBXBuildFile; fileRef = 83AAF90927F2846400B6D579 /* MainCoordinatorTests.swift */; };
		83E76F1927F3B06200F2F38D /* CountryInformationViewType.swift in Sources */ = {isa = PBXBuildFile; fileRef = 83E76F1827F3B06200F2F38D /* CountryInformationViewType.swift */; };
		83E76F1B27F3B0A700F2F38D /* CountryInformationViewTypeSpy.swift in Sources */ = {isa = PBXBuildFile; fileRef = 83E76F1A27F3B0A700F2F38D /* CountryInformationViewTypeSpy.swift */; };
		83E76F1D27F3B10300F2F38D /* CountriesListPresenterTypeSpy.swift in Sources */ = {isa = PBXBuildFile; fileRef = 83E76F1C27F3B10300F2F38D /* CountriesListPresenterTypeSpy.swift */; };
		83E76F1F27F3B28500F2F38D /* CountryInformationsPresenterTypeSpy.swift in Sources */ = {isa = PBXBuildFile; fileRef = 83E76F1E27F3B28500F2F38D /* CountryInformationsPresenterTypeSpy.swift */; };
		83E76F2127F3BECC00F2F38D /* CountriesListViewType.swift in Sources */ = {isa = PBXBuildFile; fileRef = 83E76F2027F3BECC00F2F38D /* CountriesListViewType.swift */; };
		83E76F2327F3BF5500F2F38D /* CountriesListViewControllerTests.swift in Sources */ = {isa = PBXBuildFile; fileRef = 83E76F2227F3BF5500F2F38D /* CountriesListViewControllerTests.swift */; };
		83E76F2527F3BFE400F2F38D /* CountriesListViewTypeSpy.swift in Sources */ = {isa = PBXBuildFile; fileRef = 83E76F2427F3BFE400F2F38D /* CountriesListViewTypeSpy.swift */; };
		83E76F2827F3C10900F2F38D /* CountriesListDataSource.swift in Sources */ = {isa = PBXBuildFile; fileRef = 83E76F2727F3C10900F2F38D /* CountriesListDataSource.swift */; };
		83E76F2C27F3CC7800F2F38D /* CountryInformationsDataSource.swift in Sources */ = {isa = PBXBuildFile; fileRef = 83E76F2B27F3CC7800F2F38D /* CountryInformationsDataSource.swift */; };
		83E76F2E27F3D0A600F2F38D /* CountriesListViewTests.swift in Sources */ = {isa = PBXBuildFile; fileRef = 83E76F2D27F3D0A600F2F38D /* CountriesListViewTests.swift */; };
		83E76F3027F3D24300F2F38D /* CountriesListDataSourceMock.swift in Sources */ = {isa = PBXBuildFile; fileRef = 83E76F2F27F3D24300F2F38D /* CountriesListDataSourceMock.swift */; };
		83E76F3227F3D3D500F2F38D /* CountriesListDataSourceType.swift in Sources */ = {isa = PBXBuildFile; fileRef = 83E76F3127F3D3D500F2F38D /* CountriesListDataSourceType.swift */; };
/* End PBXBuildFile section */

/* Begin PBXContainerItemProxy section */
		830184E027F11E0700FDC824 /* PBXContainerItemProxy */ = {
			isa = PBXContainerItemProxy;
			containerPortal = 8393781B27EE873D00A423F6 /* Project object */;
			proxyType = 1;
			remoteGlobalIDString = 8393782227EE873D00A423F6;
			remoteInfo = Travelling;
		};
/* End PBXContainerItemProxy section */

/* Begin PBXFileReference section */
		830184D027F1058D00FDC824 /* ListedCountry.swift */ = {isa = PBXFileReference; lastKnownFileType = sourcecode.swift; path = ListedCountry.swift; sourceTree = "<group>"; };
		830184D227F105FD00FDC824 /* CountryInformationsPresenter.swift */ = {isa = PBXFileReference; lastKnownFileType = sourcecode.swift; path = CountryInformationsPresenter.swift; sourceTree = "<group>"; };
		830184D427F1060C00FDC824 /* CountryInformationsPresenterType.swift */ = {isa = PBXFileReference; lastKnownFileType = sourcecode.swift; path = CountryInformationsPresenterType.swift; sourceTree = "<group>"; };
		830184D627F1111C00FDC824 /* CountryInformations.swift */ = {isa = PBXFileReference; lastKnownFileType = sourcecode.swift; path = CountryInformations.swift; sourceTree = "<group>"; };
		830184DC27F11E0700FDC824 /* TravellingTests.xctest */ = {isa = PBXFileReference; explicitFileType = wrapper.cfbundle; includeInIndex = 0; path = TravellingTests.xctest; sourceTree = BUILT_PRODUCTS_DIR; };
		830184E627F1311200FDC824 /* MapHeader.swift */ = {isa = PBXFileReference; lastKnownFileType = sourcecode.swift; path = MapHeader.swift; sourceTree = "<group>"; };
		830184E827F132D200FDC824 /* CountryLocation.swift */ = {isa = PBXFileReference; lastKnownFileType = sourcecode.swift; path = CountryLocation.swift; sourceTree = "<group>"; };
		83247F4A27F3D8420038ECA2 /* CountryInformationsDataSourceType.swift */ = {isa = PBXFileReference; lastKnownFileType = sourcecode.swift; path = CountryInformationsDataSourceType.swift; sourceTree = "<group>"; };
		83247F4C27F3D8FF0038ECA2 /* CountryInformationsDataSourceTypeMock.swift */ = {isa = PBXFileReference; lastKnownFileType = sourcecode.swift; path = CountryInformationsDataSourceTypeMock.swift; sourceTree = "<group>"; };
		83247F4E27F3DA1B0038ECA2 /* CountryInformationViewTests.swift */ = {isa = PBXFileReference; lastKnownFileType = sourcecode.swift; path = CountryInformationViewTests.swift; sourceTree = "<group>"; };
		8343A70827F0D08600BCB1C4 /* CountryInformationsViewController.swift */ = {isa = PBXFileReference; lastKnownFileType = sourcecode.swift; path = CountryInformationsViewController.swift; sourceTree = "<group>"; };
		8343A70A27F0D0AF00BCB1C4 /* CountryInformationView.swift */ = {isa = PBXFileReference; lastKnownFileType = sourcecode.swift; path = CountryInformationView.swift; sourceTree = "<group>"; };
		8343A70C27F0D0DD00BCB1C4 /* CountryInformationCell.swift */ = {isa = PBXFileReference; lastKnownFileType = sourcecode.swift; path = CountryInformationCell.swift; sourceTree = "<group>"; };
		8343A70E27F0D12F00BCB1C4 /* CountriesListViewControllerDelegate.swift */ = {isa = PBXFileReference; lastKnownFileType = sourcecode.swift; path = CountriesListViewControllerDelegate.swift; sourceTree = "<group>"; };
		8343A71027F0D5F400BCB1C4 /* CountryInformationsViewControllerType.swift */ = {isa = PBXFileReference; lastKnownFileType = sourcecode.swift; path = CountryInformationsViewControllerType.swift; sourceTree = "<group>"; };
		8343A71427F0D7A800BCB1C4 /* CountryRepository.swift */ = {isa = PBXFileReference; lastKnownFileType = sourcecode.swift; path = CountryRepository.swift; sourceTree = "<group>"; };
		8343A71627F0D7D500BCB1C4 /* CountryServiceType.swift */ = {isa = PBXFileReference; lastKnownFileType = sourcecode.swift; path = CountryServiceType.swift; sourceTree = "<group>"; };
		8343A71927F0D81600BCB1C4 /* CountriesResponse.swift */ = {isa = PBXFileReference; lastKnownFileType = sourcecode.swift; path = CountriesResponse.swift; sourceTree = "<group>"; };
		8343A71D27F0DE6D00BCB1C4 /* State.swift */ = {isa = PBXFileReference; lastKnownFileType = sourcecode.swift; path = State.swift; sourceTree = "<group>"; };
		8343A71F27F0DF1000BCB1C4 /* CountriesListViewControllerType.swift */ = {isa = PBXFileReference; lastKnownFileType = sourcecode.swift; path = CountriesListViewControllerType.swift; sourceTree = "<group>"; };
		8343A72327F0F6D600BCB1C4 /* CountryInformationsResponse.swift */ = {isa = PBXFileReference; lastKnownFileType = sourcecode.swift; path = CountryInformationsResponse.swift; sourceTree = "<group>"; };
		8378028827F356A6005890AA /* CountryInformationsViewControllerTests.swift */ = {isa = PBXFileReference; lastKnownFileType = sourcecode.swift; path = CountryInformationsViewControllerTests.swift; sourceTree = "<group>"; };
		8393782327EE873D00A423F6 /* Travelling.app */ = {isa = PBXFileReference; explicitFileType = wrapper.application; includeInIndex = 0; path = Travelling.app; sourceTree = BUILT_PRODUCTS_DIR; };
		8393782627EE873D00A423F6 /* AppDelegate.swift */ = {isa = PBXFileReference; lastKnownFileType = sourcecode.swift; path = AppDelegate.swift; sourceTree = "<group>"; };
		8393782827EE873D00A423F6 /* SceneDelegate.swift */ = {isa = PBXFileReference; lastKnownFileType = sourcecode.swift; path = SceneDelegate.swift; sourceTree = "<group>"; };
		8393782F27EE874200A423F6 /* Assets.xcassets */ = {isa = PBXFileReference; lastKnownFileType = folder.assetcatalog; path = Assets.xcassets; sourceTree = "<group>"; };
		8393783227EE874200A423F6 /* Base */ = {isa = PBXFileReference; lastKnownFileType = file.storyboard; name = Base; path = Base.lproj/LaunchScreen.storyboard; sourceTree = "<group>"; };
		8393783427EE874200A423F6 /* Info.plist */ = {isa = PBXFileReference; lastKnownFileType = text.plist.xml; path = Info.plist; sourceTree = "<group>"; };
		8393783C27EE87FE00A423F6 /* MainCoordinator.swift */ = {isa = PBXFileReference; lastKnownFileType = sourcecode.swift; path = MainCoordinator.swift; sourceTree = "<group>"; };
		8393783E27EE880B00A423F6 /* CoordinatorType.swift */ = {isa = PBXFileReference; lastKnownFileType = sourcecode.swift; path = CoordinatorType.swift; sourceTree = "<group>"; };
		8393784127EE891A00A423F6 /* CountriesListViewController.swift */ = {isa = PBXFileReference; lastKnownFileType = sourcecode.swift; path = CountriesListViewController.swift; sourceTree = "<group>"; };
		8393784327EE8B1D00A423F6 /* CountriesListView.swift */ = {isa = PBXFileReference; lastKnownFileType = sourcecode.swift; path = CountriesListView.swift; sourceTree = "<group>"; };
		8393784627EE8ED100A423F6 /* CountryCell.swift */ = {isa = PBXFileReference; lastKnownFileType = sourcecode.swift; path = CountryCell.swift; sourceTree = "<group>"; };
		8393784827EE92A000A423F6 /* CountriesListPresenterType.swift */ = {isa = PBXFileReference; lastKnownFileType = sourcecode.swift; path = CountriesListPresenterType.swift; sourceTree = "<group>"; };
		8393784A27EE930B00A423F6 /* CountriesListPresenter.swift */ = {isa = PBXFileReference; lastKnownFileType = sourcecode.swift; path = CountriesListPresenter.swift; sourceTree = "<group>"; };
		83AAF8F227F270DE00B6D579 /* CountriesListPresenterTests.swift */ = {isa = PBXFileReference; lastKnownFileType = sourcecode.swift; path = CountriesListPresenterTests.swift; sourceTree = "<group>"; };
		83AAF8F527F2719300B6D579 /* CountryRepositoryMock.swift */ = {isa = PBXFileReference; lastKnownFileType = sourcecode.swift; path = CountryRepositoryMock.swift; sourceTree = "<group>"; };
		83AAF8F727F2746000B6D579 /* CountriesListViewControllerSpy.swift */ = {isa = PBXFileReference; lastKnownFileType = sourcecode.swift; path = CountriesListViewControllerSpy.swift; sourceTree = "<group>"; };
		83AAF8F927F2773900B6D579 /* CountryInformationsPresenterTests.swift */ = {isa = PBXFileReference; lastKnownFileType = sourcecode.swift; path = CountryInformationsPresenterTests.swift; sourceTree = "<group>"; };
		83AAF8FB27F277AA00B6D579 /* CountryInformationsViewControllerSpy.swift */ = {isa = PBXFileReference; lastKnownFileType = sourcecode.swift; path = CountryInformationsViewControllerSpy.swift; sourceTree = "<group>"; };
		83AAF8FD27F27FBC00B6D579 /* CountryCellTests.swift */ = {isa = PBXFileReference; lastKnownFileType = sourcecode.swift; path = CountryCellTests.swift; sourceTree = "<group>"; };
		83AAF90527F282C000B6D579 /* CountryInformationCellTests.swift */ = {isa = PBXFileReference; lastKnownFileType = sourcecode.swift; path = CountryInformationCellTests.swift; sourceTree = "<group>"; };
		83AAF90727F283AD00B6D579 /* MapHeaderTests.swift */ = {isa = PBXFileReference; lastKnownFileType = sourcecode.swift; path = MapHeaderTests.swift; sourceTree = "<group>"; };
		83AAF90927F2846400B6D579 /* MainCoordinatorTests.swift */ = {isa = PBXFileReference; lastKnownFileType = sourcecode.swift; path = MainCoordinatorTests.swift; sourceTree = "<group>"; };
		83E76F1827F3B06200F2F38D /* CountryInformationViewType.swift */ = {isa = PBXFileReference; lastKnownFileType = sourcecode.swift; path = CountryInformationViewType.swift; sourceTree = "<group>"; };
		83E76F1A27F3B0A700F2F38D /* CountryInformationViewTypeSpy.swift */ = {isa = PBXFileReference; lastKnownFileType = sourcecode.swift; path = CountryInformationViewTypeSpy.swift; sourceTree = "<group>"; };
		83E76F1C27F3B10300F2F38D /* CountriesListPresenterTypeSpy.swift */ = {isa = PBXFileReference; lastKnownFileType = sourcecode.swift; path = CountriesListPresenterTypeSpy.swift; sourceTree = "<group>"; };
		83E76F1E27F3B28500F2F38D /* CountryInformationsPresenterTypeSpy.swift */ = {isa = PBXFileReference; lastKnownFileType = sourcecode.swift; path = CountryInformationsPresenterTypeSpy.swift; sourceTree = "<group>"; };
		83E76F2027F3BECC00F2F38D /* CountriesListViewType.swift */ = {isa = PBXFileReference; lastKnownFileType = sourcecode.swift; path = CountriesListViewType.swift; sourceTree = "<group>"; };
		83E76F2227F3BF5500F2F38D /* CountriesListViewControllerTests.swift */ = {isa = PBXFileReference; lastKnownFileType = sourcecode.swift; path = CountriesListViewControllerTests.swift; sourceTree = "<group>"; };
		83E76F2427F3BFE400F2F38D /* CountriesListViewTypeSpy.swift */ = {isa = PBXFileReference; lastKnownFileType = sourcecode.swift; path = CountriesListViewTypeSpy.swift; sourceTree = "<group>"; };
		83E76F2727F3C10900F2F38D /* CountriesListDataSource.swift */ = {isa = PBXFileReference; lastKnownFileType = sourcecode.swift; path = CountriesListDataSource.swift; sourceTree = "<group>"; };
		83E76F2B27F3CC7800F2F38D /* CountryInformationsDataSource.swift */ = {isa = PBXFileReference; lastKnownFileType = sourcecode.swift; path = CountryInformationsDataSource.swift; sourceTree = "<group>"; };
		83E76F2D27F3D0A600F2F38D /* CountriesListViewTests.swift */ = {isa = PBXFileReference; lastKnownFileType = sourcecode.swift; path = CountriesListViewTests.swift; sourceTree = "<group>"; };
		83E76F2F27F3D24300F2F38D /* CountriesListDataSourceMock.swift */ = {isa = PBXFileReference; lastKnownFileType = sourcecode.swift; path = CountriesListDataSourceMock.swift; sourceTree = "<group>"; };
		83E76F3127F3D3D500F2F38D /* CountriesListDataSourceType.swift */ = {isa = PBXFileReference; lastKnownFileType = sourcecode.swift; path = CountriesListDataSourceType.swift; sourceTree = "<group>"; };
/* End PBXFileReference section */

/* Begin PBXFrameworksBuildPhase section */
		830184D927F11E0700FDC824 /* Frameworks */ = {
			isa = PBXFrameworksBuildPhase;
			buildActionMask = 2147483647;
			files = (
				83AAF90427F2812D00B6D579 /* SnapshotTesting in Frameworks */,
			);
			runOnlyForDeploymentPostprocessing = 0;
		};
		8393782027EE873D00A423F6 /* Frameworks */ = {
			isa = PBXFrameworksBuildPhase;
			buildActionMask = 2147483647;
			files = (
			);
			runOnlyForDeploymentPostprocessing = 0;
		};
/* End PBXFrameworksBuildPhase section */

/* Begin PBXGroup section */
		830184DD27F11E0700FDC824 /* TravellingTests */ = {
			isa = PBXGroup;
			children = (
				83AAF8F427F2715300B6D579 /* Doubles */,
				83AAF8F227F270DE00B6D579 /* CountriesListPresenterTests.swift */,
				83AAF8F927F2773900B6D579 /* CountryInformationsPresenterTests.swift */,
				83AAF8FD27F27FBC00B6D579 /* CountryCellTests.swift */,
				83AAF90527F282C000B6D579 /* CountryInformationCellTests.swift */,
				83AAF90727F283AD00B6D579 /* MapHeaderTests.swift */,
				83AAF90927F2846400B6D579 /* MainCoordinatorTests.swift */,
				8378028827F356A6005890AA /* CountryInformationsViewControllerTests.swift */,
				83E76F2227F3BF5500F2F38D /* CountriesListViewControllerTests.swift */,
				83E76F2D27F3D0A600F2F38D /* CountriesListViewTests.swift */,
				83247F4E27F3DA1B0038ECA2 /* CountryInformationViewTests.swift */,
			);
			path = TravellingTests;
			sourceTree = "<group>";
		};
		830184E527F11EFF00FDC824 /* TableCells */ = {
			isa = PBXGroup;
			children = (
				8393784627EE8ED100A423F6 /* CountryCell.swift */,
				8343A70C27F0D0DD00BCB1C4 /* CountryInformationCell.swift */,
				830184E627F1311200FDC824 /* MapHeader.swift */,
			);
			path = TableCells;
			sourceTree = "<group>";
		};
		8343A71227F0D76D00BCB1C4 /* Controllers */ = {
			isa = PBXGroup;
			children = (
				8343A70827F0D08600BCB1C4 /* CountryInformationsViewController.swift */,
				8393784127EE891A00A423F6 /* CountriesListViewController.swift */,
			);
			path = Controllers;
			sourceTree = "<group>";
		};
		8343A71327F0D79100BCB1C4 /* Repository */ = {
			isa = PBXGroup;
			children = (
				8343A71427F0D7A800BCB1C4 /* CountryRepository.swift */,
			);
			path = Repository;
			sourceTree = "<group>";
		};
		8343A71827F0D7F700BCB1C4 /* Models */ = {
			isa = PBXGroup;
			children = (
				8343A71927F0D81600BCB1C4 /* CountriesResponse.swift */,
				8343A71D27F0DE6D00BCB1C4 /* State.swift */,
				8343A72327F0F6D600BCB1C4 /* CountryInformationsResponse.swift */,
				830184D027F1058D00FDC824 /* ListedCountry.swift */,
				830184D627F1111C00FDC824 /* CountryInformations.swift */,
				830184E827F132D200FDC824 /* CountryLocation.swift */,
			);
			path = Models;
			sourceTree = "<group>";
		};
		8393781A27EE873D00A423F6 = {
			isa = PBXGroup;
			children = (
				8393782527EE873D00A423F6 /* Travelling */,
				830184DD27F11E0700FDC824 /* TravellingTests */,
				8393782427EE873D00A423F6 /* Products */,
			);
			sourceTree = "<group>";
		};
		8393782427EE873D00A423F6 /* Products */ = {
			isa = PBXGroup;
			children = (
				8393782327EE873D00A423F6 /* Travelling.app */,
				830184DC27F11E0700FDC824 /* TravellingTests.xctest */,
			);
			name = Products;
			sourceTree = "<group>";
		};
		8393782527EE873D00A423F6 /* Travelling */ = {
			isa = PBXGroup;
			children = (
				83E76F2627F3C0F000F2F38D /* DataSource */,
				8343A71827F0D7F700BCB1C4 /* Models */,
				8343A71327F0D79100BCB1C4 /* Repository */,
				8393784527EE8E6200A423F6 /* Presenters */,
				8393784027EE88E300A423F6 /* Views */,
				8393783B27EE87EF00A423F6 /* Protocols */,
				8393783A27EE87E500A423F6 /* Coordinator */,
				8393782627EE873D00A423F6 /* AppDelegate.swift */,
				8393782827EE873D00A423F6 /* SceneDelegate.swift */,
				8393782F27EE874200A423F6 /* Assets.xcassets */,
				8393783127EE874200A423F6 /* LaunchScreen.storyboard */,
				8393783427EE874200A423F6 /* Info.plist */,
			);
			path = Travelling;
			sourceTree = "<group>";
		};
		8393783A27EE87E500A423F6 /* Coordinator */ = {
			isa = PBXGroup;
			children = (
				8393783C27EE87FE00A423F6 /* MainCoordinator.swift */,
			);
			path = Coordinator;
			sourceTree = "<group>";
		};
		8393783B27EE87EF00A423F6 /* Protocols */ = {
			isa = PBXGroup;
			children = (
				8393783E27EE880B00A423F6 /* CoordinatorType.swift */,
				8393784827EE92A000A423F6 /* CountriesListPresenterType.swift */,
				8343A70E27F0D12F00BCB1C4 /* CountriesListViewControllerDelegate.swift */,
				8343A71027F0D5F400BCB1C4 /* CountryInformationsViewControllerType.swift */,
				8343A71627F0D7D500BCB1C4 /* CountryServiceType.swift */,
				8343A71F27F0DF1000BCB1C4 /* CountriesListViewControllerType.swift */,
				830184D427F1060C00FDC824 /* CountryInformationsPresenterType.swift */,
				83E76F1827F3B06200F2F38D /* CountryInformationViewType.swift */,
				83E76F2027F3BECC00F2F38D /* CountriesListViewType.swift */,
				83E76F3127F3D3D500F2F38D /* CountriesListDataSourceType.swift */,
				83247F4A27F3D8420038ECA2 /* CountryInformationsDataSourceType.swift */,
			);
			path = Protocols;
			sourceTree = "<group>";
		};
		8393784027EE88E300A423F6 /* Views */ = {
			isa = PBXGroup;
			children = (
				830184E527F11EFF00FDC824 /* TableCells */,
				8343A71227F0D76D00BCB1C4 /* Controllers */,
				8393784327EE8B1D00A423F6 /* CountriesListView.swift */,
				8343A70A27F0D0AF00BCB1C4 /* CountryInformationView.swift */,
			);
			path = Views;
			sourceTree = "<group>";
		};
		8393784527EE8E6200A423F6 /* Presenters */ = {
			isa = PBXGroup;
			children = (
				8393784A27EE930B00A423F6 /* CountriesListPresenter.swift */,
				830184D227F105FD00FDC824 /* CountryInformationsPresenter.swift */,
			);
			path = Presenters;
			sourceTree = "<group>";
		};
		83AAF8F427F2715300B6D579 /* Doubles */ = {
			isa = PBXGroup;
			children = (
				83AAF8F527F2719300B6D579 /* CountryRepositoryMock.swift */,
				83AAF8F727F2746000B6D579 /* CountriesListViewControllerSpy.swift */,
				83AAF8FB27F277AA00B6D579 /* CountryInformationsViewControllerSpy.swift */,
				83E76F1A27F3B0A700F2F38D /* CountryInformationViewTypeSpy.swift */,
				83E76F1C27F3B10300F2F38D /* CountriesListPresenterTypeSpy.swift */,
				83E76F1E27F3B28500F2F38D /* CountryInformationsPresenterTypeSpy.swift */,
				83E76F2427F3BFE400F2F38D /* CountriesListViewTypeSpy.swift */,
				83E76F2F27F3D24300F2F38D /* CountriesListDataSourceMock.swift */,
				83247F4C27F3D8FF0038ECA2 /* CountryInformationsDataSourceTypeMock.swift */,
			);
			path = Doubles;
			sourceTree = "<group>";
		};
		83E76F2627F3C0F000F2F38D /* DataSource */ = {
			isa = PBXGroup;
			children = (
				83E76F2727F3C10900F2F38D /* CountriesListDataSource.swift */,
				83E76F2B27F3CC7800F2F38D /* CountryInformationsDataSource.swift */,
			);
			path = DataSource;
			sourceTree = "<group>";
		};
/* End PBXGroup section */

/* Begin PBXNativeTarget section */
		830184DB27F11E0700FDC824 /* TravellingTests */ = {
			isa = PBXNativeTarget;
			buildConfigurationList = 830184E227F11E0700FDC824 /* Build configuration list for PBXNativeTarget "TravellingTests" */;
			buildPhases = (
				830184D827F11E0700FDC824 /* Sources */,
				830184D927F11E0700FDC824 /* Frameworks */,
				830184DA27F11E0700FDC824 /* Resources */,
			);
			buildRules = (
			);
			dependencies = (
				830184E127F11E0700FDC824 /* PBXTargetDependency */,
			);
			name = TravellingTests;
			packageProductDependencies = (
				83AAF90327F2812D00B6D579 /* SnapshotTesting */,
			);
			productName = TravellingTests;
			productReference = 830184DC27F11E0700FDC824 /* TravellingTests.xctest */;
			productType = "com.apple.product-type.bundle.unit-test";
		};
		8393782227EE873D00A423F6 /* Travelling */ = {
			isa = PBXNativeTarget;
			buildConfigurationList = 8393783727EE874200A423F6 /* Build configuration list for PBXNativeTarget "Travelling" */;
			buildPhases = (
				8393781F27EE873D00A423F6 /* Sources */,
				8393782027EE873D00A423F6 /* Frameworks */,
				8393782127EE873D00A423F6 /* Resources */,
			);
			buildRules = (
			);
			dependencies = (
			);
			name = Travelling;
			packageProductDependencies = (
			);
			productName = Travelling;
			productReference = 8393782327EE873D00A423F6 /* Travelling.app */;
			productType = "com.apple.product-type.application";
		};
/* End PBXNativeTarget section */

/* Begin PBXProject section */
		8393781B27EE873D00A423F6 /* Project object */ = {
			isa = PBXProject;
			attributes = {
				BuildIndependentTargetsInParallel = 1;
				LastSwiftUpdateCheck = 1330;
				LastUpgradeCheck = 1330;
				TargetAttributes = {
					830184DB27F11E0700FDC824 = {
						CreatedOnToolsVersion = 13.3;
						TestTargetID = 8393782227EE873D00A423F6;
					};
					8393782227EE873D00A423F6 = {
						CreatedOnToolsVersion = 13.3;
					};
				};
			};
			buildConfigurationList = 8393781E27EE873D00A423F6 /* Build configuration list for PBXProject "Travelling" */;
			compatibilityVersion = "Xcode 13.0";
			developmentRegion = en;
			hasScannedForEncodings = 0;
			knownRegions = (
				en,
				Base,
			);
			mainGroup = 8393781A27EE873D00A423F6;
			packageReferences = (
				83AAF90227F2812D00B6D579 /* XCRemoteSwiftPackageReference "swift-snapshot-testing" */,
			);
			productRefGroup = 8393782427EE873D00A423F6 /* Products */;
			projectDirPath = "";
			projectRoot = "";
			targets = (
				8393782227EE873D00A423F6 /* Travelling */,
				830184DB27F11E0700FDC824 /* TravellingTests */,
			);
		};
/* End PBXProject section */

/* Begin PBXResourcesBuildPhase section */
		830184DA27F11E0700FDC824 /* Resources */ = {
			isa = PBXResourcesBuildPhase;
			buildActionMask = 2147483647;
			files = (
			);
			runOnlyForDeploymentPostprocessing = 0;
		};
		8393782127EE873D00A423F6 /* Resources */ = {
			isa = PBXResourcesBuildPhase;
			buildActionMask = 2147483647;
			files = (
				8393783327EE874200A423F6 /* LaunchScreen.storyboard in Resources */,
				8393783027EE874200A423F6 /* Assets.xcassets in Resources */,
			);
			runOnlyForDeploymentPostprocessing = 0;
		};
/* End PBXResourcesBuildPhase section */

/* Begin PBXSourcesBuildPhase section */
		830184D827F11E0700FDC824 /* Sources */ = {
			isa = PBXSourcesBuildPhase;
			buildActionMask = 2147483647;
			files = (
				83AAF8F827F2746000B6D579 /* CountriesListViewControllerSpy.swift in Sources */,
				83E76F3027F3D24300F2F38D /* CountriesListDataSourceMock.swift in Sources */,
				83247F4D27F3D8FF0038ECA2 /* CountryInformationsDataSourceTypeMock.swift in Sources */,
				83AAF90827F283AD00B6D579 /* MapHeaderTests.swift in Sources */,
				83AAF90A27F2846400B6D579 /* MainCoordinatorTests.swift in Sources */,
				83E76F2527F3BFE400F2F38D /* CountriesListViewTypeSpy.swift in Sources */,
				83AAF8F627F2719400B6D579 /* CountryRepositoryMock.swift in Sources */,
				83AAF8FA27F2773900B6D579 /* CountryInformationsPresenterTests.swift in Sources */,
				83E76F1B27F3B0A700F2F38D /* CountryInformationViewTypeSpy.swift in Sources */,
				83AAF8FC27F277AA00B6D579 /* CountryInformationsViewControllerSpy.swift in Sources */,
				83E76F2327F3BF5500F2F38D /* CountriesListViewControllerTests.swift in Sources */,
				83AAF90627F282C000B6D579 /* CountryInformationCellTests.swift in Sources */,
				83E76F1F27F3B28500F2F38D /* CountryInformationsPresenterTypeSpy.swift in Sources */,
				83E76F1D27F3B10300F2F38D /* CountriesListPresenterTypeSpy.swift in Sources */,
				83247F4F27F3DA1B0038ECA2 /* CountryInformationViewTests.swift in Sources */,
				83AAF8FE27F27FBC00B6D579 /* CountryCellTests.swift in Sources */,
				83E76F2E27F3D0A600F2F38D /* CountriesListViewTests.swift in Sources */,
				8378028927F356A6005890AA /* CountryInformationsViewControllerTests.swift in Sources */,
				83AAF8F327F270DE00B6D579 /* CountriesListPresenterTests.swift in Sources */,
			);
			runOnlyForDeploymentPostprocessing = 0;
		};
		8393781F27EE873D00A423F6 /* Sources */ = {
			isa = PBXSourcesBuildPhase;
			buildActionMask = 2147483647;
			files = (
				8393784727EE8ED100A423F6 /* CountryCell.swift in Sources */,
				830184E927F132D200FDC824 /* CountryLocation.swift in Sources */,
				8343A70D27F0D0DD00BCB1C4 /* CountryInformationCell.swift in Sources */,
				8393784227EE891A00A423F6 /* CountriesListViewController.swift in Sources */,
				83E76F2C27F3CC7800F2F38D /* CountryInformationsDataSource.swift in Sources */,
				8343A72427F0F6D600BCB1C4 /* CountryInformationsResponse.swift in Sources */,
				8343A71527F0D7A800BCB1C4 /* CountryRepository.swift in Sources */,
				830184D327F105FD00FDC824 /* CountryInformationsPresenter.swift in Sources */,
				830184D127F1058D00FDC824 /* ListedCountry.swift in Sources */,
				8393784B27EE930B00A423F6 /* CountriesListPresenter.swift in Sources */,
				8343A70B27F0D0AF00BCB1C4 /* CountryInformationView.swift in Sources */,
				8393784927EE92A000A423F6 /* CountriesListPresenterType.swift in Sources */,
				83E76F2827F3C10900F2F38D /* CountriesListDataSource.swift in Sources */,
				8343A70927F0D08600BCB1C4 /* CountryInformationsViewController.swift in Sources */,
				8393783D27EE87FE00A423F6 /* MainCoordinator.swift in Sources */,
				8343A71127F0D5F400BCB1C4 /* CountryInformationsViewControllerType.swift in Sources */,
				8343A71E27F0DE6D00BCB1C4 /* State.swift in Sources */,
				83E76F1927F3B06200F2F38D /* CountryInformationViewType.swift in Sources */,
				8343A71A27F0D81600BCB1C4 /* CountriesResponse.swift in Sources */,
				8393782727EE873D00A423F6 /* AppDelegate.swift in Sources */,
				830184D727F1111C00FDC824 /* CountryInformations.swift in Sources */,
				8393782927EE873D00A423F6 /* SceneDelegate.swift in Sources */,
				8393784427EE8B1D00A423F6 /* CountriesListView.swift in Sources */,
				830184E727F1311200FDC824 /* MapHeader.swift in Sources */,
				8343A70F27F0D12F00BCB1C4 /* CountriesListViewControllerDelegate.swift in Sources */,
				8343A72027F0DF1000BCB1C4 /* CountriesListViewControllerType.swift in Sources */,
				8393783F27EE880B00A423F6 /* CoordinatorType.swift in Sources */,
				830184D527F1060C00FDC824 /* CountryInformationsPresenterType.swift in Sources */,
				83247F4B27F3D8420038ECA2 /* CountryInformationsDataSourceType.swift in Sources */,
				83E76F3227F3D3D500F2F38D /* CountriesListDataSourceType.swift in Sources */,
				8343A71727F0D7D500BCB1C4 /* CountryServiceType.swift in Sources */,
				83E76F2127F3BECC00F2F38D /* CountriesListViewType.swift in Sources */,
			);
			runOnlyForDeploymentPostprocessing = 0;
		};
/* End PBXSourcesBuildPhase section */

/* Begin PBXTargetDependency section */
		830184E127F11E0700FDC824 /* PBXTargetDependency */ = {
			isa = PBXTargetDependency;
			target = 8393782227EE873D00A423F6 /* Travelling */;
			targetProxy = 830184E027F11E0700FDC824 /* PBXContainerItemProxy */;
		};
/* End PBXTargetDependency section */

/* Begin PBXVariantGroup section */
		8393783127EE874200A423F6 /* LaunchScreen.storyboard */ = {
			isa = PBXVariantGroup;
			children = (
				8393783227EE874200A423F6 /* Base */,
			);
			name = LaunchScreen.storyboard;
			sourceTree = "<group>";
		};
/* End PBXVariantGroup section */

/* Begin XCBuildConfiguration section */
		830184E327F11E0700FDC824 /* Debug */ = {
			isa = XCBuildConfiguration;
			buildSettings = {
				BUNDLE_LOADER = "$(TEST_HOST)";
				CODE_SIGN_STYLE = Automatic;
				CURRENT_PROJECT_VERSION = 1;
				DEVELOPMENT_TEAM = W76FRTKWHT;
				GENERATE_INFOPLIST_FILE = YES;
				MARKETING_VERSION = 1.0;
				PRODUCT_BUNDLE_IDENTIFIER = cassiaabarbosa.TravellingTests;
				PRODUCT_NAME = "$(TARGET_NAME)";
				SWIFT_EMIT_LOC_STRINGS = NO;
				SWIFT_VERSION = 5.0;
				TARGETED_DEVICE_FAMILY = "1,2";
				TEST_HOST = "$(BUILT_PRODUCTS_DIR)/Travelling.app/Travelling";
			};
			name = Debug;
		};
		830184E427F11E0700FDC824 /* Release */ = {
			isa = XCBuildConfiguration;
			buildSettings = {
				BUNDLE_LOADER = "$(TEST_HOST)";
				CODE_SIGN_STYLE = Automatic;
				CURRENT_PROJECT_VERSION = 1;
				DEVELOPMENT_TEAM = W76FRTKWHT;
				GENERATE_INFOPLIST_FILE = YES;
				MARKETING_VERSION = 1.0;
				PRODUCT_BUNDLE_IDENTIFIER = cassiaabarbosa.TravellingTests;
				PRODUCT_NAME = "$(TARGET_NAME)";
				SWIFT_EMIT_LOC_STRINGS = NO;
				SWIFT_VERSION = 5.0;
				TARGETED_DEVICE_FAMILY = "1,2";
				TEST_HOST = "$(BUILT_PRODUCTS_DIR)/Travelling.app/Travelling";
			};
			name = Release;
		};
		8393783527EE874200A423F6 /* Debug */ = {
			isa = XCBuildConfiguration;
			buildSettings = {
				ALWAYS_SEARCH_USER_PATHS = NO;
				CLANG_ANALYZER_NONNULL = YES;
				CLANG_ANALYZER_NUMBER_OBJECT_CONVERSION = YES_AGGRESSIVE;
				CLANG_CXX_LANGUAGE_STANDARD = "gnu++17";
				CLANG_ENABLE_MODULES = YES;
				CLANG_ENABLE_OBJC_ARC = YES;
				CLANG_ENABLE_OBJC_WEAK = YES;
				CLANG_WARN_BLOCK_CAPTURE_AUTORELEASING = YES;
				CLANG_WARN_BOOL_CONVERSION = YES;
				CLANG_WARN_COMMA = YES;
				CLANG_WARN_CONSTANT_CONVERSION = YES;
				CLANG_WARN_DEPRECATED_OBJC_IMPLEMENTATIONS = YES;
				CLANG_WARN_DIRECT_OBJC_ISA_USAGE = YES_ERROR;
				CLANG_WARN_DOCUMENTATION_COMMENTS = YES;
				CLANG_WARN_EMPTY_BODY = YES;
				CLANG_WARN_ENUM_CONVERSION = YES;
				CLANG_WARN_INFINITE_RECURSION = YES;
				CLANG_WARN_INT_CONVERSION = YES;
				CLANG_WARN_NON_LITERAL_NULL_CONVERSION = YES;
				CLANG_WARN_OBJC_IMPLICIT_RETAIN_SELF = YES;
				CLANG_WARN_OBJC_LITERAL_CONVERSION = YES;
				CLANG_WARN_OBJC_ROOT_CLASS = YES_ERROR;
				CLANG_WARN_QUOTED_INCLUDE_IN_FRAMEWORK_HEADER = YES;
				CLANG_WARN_RANGE_LOOP_ANALYSIS = YES;
				CLANG_WARN_STRICT_PROTOTYPES = YES;
				CLANG_WARN_SUSPICIOUS_MOVE = YES;
				CLANG_WARN_UNGUARDED_AVAILABILITY = YES_AGGRESSIVE;
				CLANG_WARN_UNREACHABLE_CODE = YES;
				CLANG_WARN__DUPLICATE_METHOD_MATCH = YES;
				COPY_PHASE_STRIP = NO;
				DEBUG_INFORMATION_FORMAT = dwarf;
				ENABLE_STRICT_OBJC_MSGSEND = YES;
				ENABLE_TESTABILITY = YES;
				GCC_C_LANGUAGE_STANDARD = gnu11;
				GCC_DYNAMIC_NO_PIC = NO;
				GCC_NO_COMMON_BLOCKS = YES;
				GCC_OPTIMIZATION_LEVEL = 0;
				GCC_PREPROCESSOR_DEFINITIONS = (
					"DEBUG=1",
					"$(inherited)",
				);
				GCC_WARN_64_TO_32_BIT_CONVERSION = YES;
				GCC_WARN_ABOUT_RETURN_TYPE = YES_ERROR;
				GCC_WARN_UNDECLARED_SELECTOR = YES;
				GCC_WARN_UNINITIALIZED_AUTOS = YES_AGGRESSIVE;
				GCC_WARN_UNUSED_FUNCTION = YES;
				GCC_WARN_UNUSED_VARIABLE = YES;
				IPHONEOS_DEPLOYMENT_TARGET = 15.4;
				MTL_ENABLE_DEBUG_INFO = INCLUDE_SOURCE;
				MTL_FAST_MATH = YES;
				ONLY_ACTIVE_ARCH = YES;
				SDKROOT = iphoneos;
				SWIFT_ACTIVE_COMPILATION_CONDITIONS = DEBUG;
				SWIFT_OPTIMIZATION_LEVEL = "-Onone";
			};
			name = Debug;
		};
		8393783627EE874200A423F6 /* Release */ = {
			isa = XCBuildConfiguration;
			buildSettings = {
				ALWAYS_SEARCH_USER_PATHS = NO;
				CLANG_ANALYZER_NONNULL = YES;
				CLANG_ANALYZER_NUMBER_OBJECT_CONVERSION = YES_AGGRESSIVE;
				CLANG_CXX_LANGUAGE_STANDARD = "gnu++17";
				CLANG_ENABLE_MODULES = YES;
				CLANG_ENABLE_OBJC_ARC = YES;
				CLANG_ENABLE_OBJC_WEAK = YES;
				CLANG_WARN_BLOCK_CAPTURE_AUTORELEASING = YES;
				CLANG_WARN_BOOL_CONVERSION = YES;
				CLANG_WARN_COMMA = YES;
				CLANG_WARN_CONSTANT_CONVERSION = YES;
				CLANG_WARN_DEPRECATED_OBJC_IMPLEMENTATIONS = YES;
				CLANG_WARN_DIRECT_OBJC_ISA_USAGE = YES_ERROR;
				CLANG_WARN_DOCUMENTATION_COMMENTS = YES;
				CLANG_WARN_EMPTY_BODY = YES;
				CLANG_WARN_ENUM_CONVERSION = YES;
				CLANG_WARN_INFINITE_RECURSION = YES;
				CLANG_WARN_INT_CONVERSION = YES;
				CLANG_WARN_NON_LITERAL_NULL_CONVERSION = YES;
				CLANG_WARN_OBJC_IMPLICIT_RETAIN_SELF = YES;
				CLANG_WARN_OBJC_LITERAL_CONVERSION = YES;
				CLANG_WARN_OBJC_ROOT_CLASS = YES_ERROR;
				CLANG_WARN_QUOTED_INCLUDE_IN_FRAMEWORK_HEADER = YES;
				CLANG_WARN_RANGE_LOOP_ANALYSIS = YES;
				CLANG_WARN_STRICT_PROTOTYPES = YES;
				CLANG_WARN_SUSPICIOUS_MOVE = YES;
				CLANG_WARN_UNGUARDED_AVAILABILITY = YES_AGGRESSIVE;
				CLANG_WARN_UNREACHABLE_CODE = YES;
				CLANG_WARN__DUPLICATE_METHOD_MATCH = YES;
				COPY_PHASE_STRIP = NO;
				DEBUG_INFORMATION_FORMAT = "dwarf-with-dsym";
				ENABLE_NS_ASSERTIONS = NO;
				ENABLE_STRICT_OBJC_MSGSEND = YES;
				GCC_C_LANGUAGE_STANDARD = gnu11;
				GCC_NO_COMMON_BLOCKS = YES;
				GCC_WARN_64_TO_32_BIT_CONVERSION = YES;
				GCC_WARN_ABOUT_RETURN_TYPE = YES_ERROR;
				GCC_WARN_UNDECLARED_SELECTOR = YES;
				GCC_WARN_UNINITIALIZED_AUTOS = YES_AGGRESSIVE;
				GCC_WARN_UNUSED_FUNCTION = YES;
				GCC_WARN_UNUSED_VARIABLE = YES;
				IPHONEOS_DEPLOYMENT_TARGET = 15.4;
				MTL_ENABLE_DEBUG_INFO = NO;
				MTL_FAST_MATH = YES;
				SDKROOT = iphoneos;
				SWIFT_COMPILATION_MODE = wholemodule;
				SWIFT_OPTIMIZATION_LEVEL = "-O";
				VALIDATE_PRODUCT = YES;
			};
			name = Release;
		};
		8393783827EE874200A423F6 /* Debug */ = {
			isa = XCBuildConfiguration;
			buildSettings = {
				ASSETCATALOG_COMPILER_APPICON_NAME = AppIcon;
				ASSETCATALOG_COMPILER_GLOBAL_ACCENT_COLOR_NAME = AccentColor;
				CODE_SIGN_STYLE = Automatic;
				CURRENT_PROJECT_VERSION = 1;
				DEVELOPMENT_TEAM = W76FRTKWHT;
				GENERATE_INFOPLIST_FILE = YES;
				INFOPLIST_FILE = Travelling/Info.plist;
				INFOPLIST_KEY_UIApplicationSupportsIndirectInputEvents = YES;
				INFOPLIST_KEY_UILaunchStoryboardName = LaunchScreen;
				INFOPLIST_KEY_UISupportedInterfaceOrientations_iPad = "UIInterfaceOrientationPortrait UIInterfaceOrientationPortraitUpsideDown UIInterfaceOrientationLandscapeLeft UIInterfaceOrientationLandscapeRight";
				INFOPLIST_KEY_UISupportedInterfaceOrientations_iPhone = "UIInterfaceOrientationPortrait UIInterfaceOrientationLandscapeLeft UIInterfaceOrientationLandscapeRight";
				LD_RUNPATH_SEARCH_PATHS = (
					"$(inherited)",
					"@executable_path/Frameworks",
				);
				MARKETING_VERSION = 1.0;
				PRODUCT_BUNDLE_IDENTIFIER = cassiaabarbosa.Travelling;
				PRODUCT_NAME = "$(TARGET_NAME)";
				SWIFT_EMIT_LOC_STRINGS = YES;
				SWIFT_VERSION = 5.0;
				TARGETED_DEVICE_FAMILY = "1,2";
			};
			name = Debug;
		};
		8393783927EE874200A423F6 /* Release */ = {
			isa = XCBuildConfiguration;
			buildSettings = {
				ASSETCATALOG_COMPILER_APPICON_NAME = AppIcon;
				ASSETCATALOG_COMPILER_GLOBAL_ACCENT_COLOR_NAME = AccentColor;
				CODE_SIGN_STYLE = Automatic;
				CURRENT_PROJECT_VERSION = 1;
				DEVELOPMENT_TEAM = W76FRTKWHT;
				GENERATE_INFOPLIST_FILE = YES;
				INFOPLIST_FILE = Travelling/Info.plist;
				INFOPLIST_KEY_UIApplicationSupportsIndirectInputEvents = YES;
				INFOPLIST_KEY_UILaunchStoryboardName = LaunchScreen;
				INFOPLIST_KEY_UISupportedInterfaceOrientations_iPad = "UIInterfaceOrientationPortrait UIInterfaceOrientationPortraitUpsideDown UIInterfaceOrientationLandscapeLeft UIInterfaceOrientationLandscapeRight";
				INFOPLIST_KEY_UISupportedInterfaceOrientations_iPhone = "UIInterfaceOrientationPortrait UIInterfaceOrientationLandscapeLeft UIInterfaceOrientationLandscapeRight";
				LD_RUNPATH_SEARCH_PATHS = (
					"$(inherited)",
					"@executable_path/Frameworks",
				);
				MARKETING_VERSION = 1.0;
				PRODUCT_BUNDLE_IDENTIFIER = cassiaabarbosa.Travelling;
				PRODUCT_NAME = "$(TARGET_NAME)";
				SWIFT_EMIT_LOC_STRINGS = YES;
				SWIFT_VERSION = 5.0;
				TARGETED_DEVICE_FAMILY = "1,2";
			};
			name = Release;
		};
/* End XCBuildConfiguration section */

/* Begin XCConfigurationList section */
		830184E227F11E0700FDC824 /* Build configuration list for PBXNativeTarget "TravellingTests" */ = {
			isa = XCConfigurationList;
			buildConfigurations = (
				830184E327F11E0700FDC824 /* Debug */,
				830184E427F11E0700FDC824 /* Release */,
			);
			defaultConfigurationIsVisible = 0;
			defaultConfigurationName = Release;
		};
		8393781E27EE873D00A423F6 /* Build configuration list for PBXProject "Travelling" */ = {
			isa = XCConfigurationList;
			buildConfigurations = (
				8393783527EE874200A423F6 /* Debug */,
				8393783627EE874200A423F6 /* Release */,
			);
			defaultConfigurationIsVisible = 0;
			defaultConfigurationName = Release;
		};
		8393783727EE874200A423F6 /* Build configuration list for PBXNativeTarget "Travelling" */ = {
			isa = XCConfigurationList;
			buildConfigurations = (
				8393783827EE874200A423F6 /* Debug */,
				8393783927EE874200A423F6 /* Release */,
			);
			defaultConfigurationIsVisible = 0;
			defaultConfigurationName = Release;
		};
/* End XCConfigurationList section */

/* Begin XCRemoteSwiftPackageReference section */
		83AAF90227F2812D00B6D579 /* XCRemoteSwiftPackageReference "swift-snapshot-testing" */ = {
			isa = XCRemoteSwiftPackageReference;
			repositoryURL = "https://github.com/pointfreeco/swift-snapshot-testing";
			requirement = {
				branch = main;
				kind = branch;
			};
		};
/* End XCRemoteSwiftPackageReference section */

/* Begin XCSwiftPackageProductDependency section */
		83AAF90327F2812D00B6D579 /* SnapshotTesting */ = {
			isa = XCSwiftPackageProductDependency;
			package = 83AAF90227F2812D00B6D579 /* XCRemoteSwiftPackageReference "swift-snapshot-testing" */;
			productName = SnapshotTesting;
		};
/* End XCSwiftPackageProductDependency section */
	};
	rootObject = 8393781B27EE873D00A423F6 /* Project object */;
}
